
Microsoft Visual Studio Solution File, Format Version 12.00
# Visual Studio 15
VisualStudioVersion = 15.0.27428.1
MinimumVisualStudioVersion = 10.0.40219.1
Project("{FAE04EC0-301F-11D3-BF4B-00C04F79EFBC}") = "INEC.TEMA1.WebAPI", "INEC.TEMA1.WebAPI\INEC.TEMA1.WebAPI.csproj", "{82CC30C4-9A2F-4B5B-9494-6C103F2BB95C}"
EndProject
Project("{FAE04EC0-301F-11D3-BF4B-00C04F79EFBC}") = "INEC.TEMA1.ACCESO_DATOS", "INEC.TEMA1.ACCESO_DATOS\INEC.TEMA1.ACCESO_DATOS.csproj", "{2F99B4CC-5E73-4CF8-BD7C-791F9F1F4497}"
EndProject
Project("{FAE04EC0-301F-11D3-BF4B-00C04F79EFBC}") = "INEC.TEMA1.LOGICA", "INEC.TEMA1.LOGICA\INEC.TEMA1.LOGICA.csproj", "{515197CF-FFBC-435C-B622-8D64A36B73F0}"
EndProject
Project("{FAE04EC0-301F-11D3-BF4B-00C04F79EFBC}") = "INEC.TEMA1.COMUN", "INEC.TEMA1.COMUN\INEC.TEMA1.COMUN.csproj", "{CD41F047-440E-47E7-AAC6-0B95442D7E46}"
EndProject
Project("{FAE04EC0-301F-11D3-BF4B-00C04F79EFBC}") = "INEC.TEMA.PRUEBA_UNITARIA", "INEC.TEMA.PRUEBA_UNITARIA\INEC.TEMA.PRUEBA_UNITARIA.csproj", "{C9C4B6FF-0358-474F-B34B-473EE1783E5C}"
EndProject
Project("{00D1A9C2-B5F0-4AF3-8072-F6C62B433612}") = "INEC.BaseDatos", "INEC.BaseDatos\INEC.BaseDatos.sqlproj", "{88CC6238-345B-44E5-ACED-45FAC8344262}"
EndProject
Project("{FAE04EC0-301F-11D3-BF4B-00C04F79EFBC}") = "INEC.TEMA1.ENCRIPTACION", "INEC.TEMA1.ENCRIPTACION\INEC.TEMA1.ENCRIPTACION.csproj", "{49A8E636-9205-4D48-B71F-2AE970B78D11}"
EndProject
Project("{FAE04EC0-301F-11D3-BF4B-00C04F79EFBC}") = "INEC.TEMA1.Proxy", "INEC.TEMA1.Proxy\INEC.TEMA1.Proxy.csproj", "{37D661C6-D890-400B-B462-B25E52352980}"
EndProject
Project("{FAE04EC0-301F-11D3-BF4B-00C04F79EFBC}") = "INEC.TEMA1.AplicacionEscritorio", "INEC.TEMA1.AplicacionEscritorio\INEC.TEMA1.AplicacionEscritorio.csproj", "{A3E2FB84-3F54-4608-BF5D-484B412CC2B1}"
EndProject
Global
	GlobalSection(SolutionConfigurationPlatforms) = preSolution
		Debug|Any CPU = Debug|Any CPU
		Release|Any CPU = Release|Any CPU
	EndGlobalSection
	GlobalSection(ProjectConfigurationPlatforms) = postSolution
		{82CC30C4-9A2F-4B5B-9494-6C103F2BB95C}.Debug|Any CPU.ActiveCfg = Debug|Any CPU
		{82CC30C4-9A2F-4B5B-9494-6C103F2BB95C}.Debug|Any CPU.Build.0 = Debug|Any CPU
		{82CC30C4-9A2F-4B5B-9494-6C103F2BB95C}.Release|Any CPU.ActiveCfg = Release|Any CPU
		{82CC30C4-9A2F-4B5B-9494-6C103F2BB95C}.Release|Any CPU.Build.0 = Release|Any CPU
		{2F99B4CC-5E73-4CF8-BD7C-791F9F1F4497}.Debug|Any CPU.ActiveCfg = Debug|Any CPU
		{2F99B4CC-5E73-4CF8-BD7C-791F9F1F4497}.Debug|Any CPU.Build.0 = Debug|Any CPU
		{2F99B4CC-5E73-4CF8-BD7C-791F9F1F4497}.Release|Any CPU.ActiveCfg = Release|Any CPU
		{2F99B4CC-5E73-4CF8-BD7C-791F9F1F4497}.Release|Any CPU.Build.0 = Release|Any CPU
		{515197CF-FFBC-435C-B622-8D64A36B73F0}.Debug|Any CPU.ActiveCfg = Debug|Any CPU
		{515197CF-FFBC-435C-B622-8D64A36B73F0}.Debug|Any CPU.Build.0 = Debug|Any CPU
		{515197CF-FFBC-435C-B622-8D64A36B73F0}.Release|Any CPU.ActiveCfg = Release|Any CPU
		{515197CF-FFBC-435C-B622-8D64A36B73F0}.Release|Any CPU.Build.0 = Release|Any CPU
		{CD41F047-440E-47E7-AAC6-0B95442D7E46}.Debug|Any CPU.ActiveCfg = Debug|Any CPU
		{CD41F047-440E-47E7-AAC6-0B95442D7E46}.Debug|Any CPU.Build.0 = Debug|Any CPU
		{CD41F047-440E-47E7-AAC6-0B95442D7E46}.Release|Any CPU.ActiveCfg = Release|Any CPU
		{CD41F047-440E-47E7-AAC6-0B95442D7E46}.Release|Any CPU.Build.0 = Release|Any CPU
		{C9C4B6FF-0358-474F-B34B-473EE1783E5C}.Debug|Any CPU.ActiveCfg = Debug|Any CPU
		{C9C4B6FF-0358-474F-B34B-473EE1783E5C}.Debug|Any CPU.Build.0 = Debug|Any CPU
		{C9C4B6FF-0358-474F-B34B-473EE1783E5C}.Release|Any CPU.ActiveCfg = Release|Any CPU
		{C9C4B6FF-0358-474F-B34B-473EE1783E5C}.Release|Any CPU.Build.0 = Release|Any CPU
		{88CC6238-345B-44E5-ACED-45FAC8344262}.Debug|Any CPU.ActiveCfg = Debug|Any CPU
		{88CC6238-345B-44E5-ACED-45FAC8344262}.Debug|Any CPU.Build.0 = Debug|Any CPU
		{88CC6238-345B-44E5-ACED-45FAC8344262}.Debug|Any CPU.Deploy.0 = Debug|Any CPU
		{88CC6238-345B-44E5-ACED-45FAC8344262}.Release|Any CPU.ActiveCfg = Release|Any CPU
		{88CC6238-345B-44E5-ACED-45FAC8344262}.Release|Any CPU.Build.0 = Release|Any CPU
		{88CC6238-345B-44E5-ACED-45FAC8344262}.Release|Any CPU.Deploy.0 = Release|Any CPU
		{49A8E636-9205-4D48-B71F-2AE970B78D11}.Debug|Any CPU.ActiveCfg = Debug|Any CPU
		{49A8E636-9205-4D48-B71F-2AE970B78D11}.Debug|Any CPU.Build.0 = Debug|Any CPU
		{49A8E636-9205-4D48-B71F-2AE970B78D11}.Release|Any CPU.ActiveCfg = Release|Any CPU
		{49A8E636-9205-4D48-B71F-2AE970B78D11}.Release|Any CPU.Build.0 = Release|Any CPU
		{37D661C6-D890-400B-B462-B25E52352980}.Debug|Any CPU.ActiveCfg = Debug|Any CPU
		{37D661C6-D890-400B-B462-B25E52352980}.Debug|Any CPU.Build.0 = Debug|Any CPU
		{37D661C6-D890-400B-B462-B25E52352980}.Release|Any CPU.ActiveCfg = Release|Any CPU
		{37D661C6-D890-400B-B462-B25E52352980}.Release|Any CPU.Build.0 = Release|Any CPU
		{A3E2FB84-3F54-4608-BF5D-484B412CC2B1}.Debug|Any CPU.ActiveCfg = Debug|Any CPU
		{A3E2FB84-3F54-4608-BF5D-484B412CC2B1}.Debug|Any CPU.Build.0 = Debug|Any CPU
		{A3E2FB84-3F54-4608-BF5D-484B412CC2B1}.Release|Any CPU.ActiveCfg = Release|Any CPU
		{A3E2FB84-3F54-4608-BF5D-484B412CC2B1}.Release|Any CPU.Build.0 = Release|Any CPU
	EndGlobalSection
	GlobalSection(SolutionProperties) = preSolution
		HideSolutionNode = FALSE
	EndGlobalSection
	GlobalSection(ExtensibilityGlobals) = postSolution
		SolutionGuid = {3FE59146-142A-4514-9F2B-C0F146969AF7}
	EndGlobalSection
EndGlobal
